
Microsoft Visual Studio Solution File, Format Version 12.00
Project("{FAE04EC0-301F-11D3-BF4B-00C04F79EFBC}") = "askon-test-api", "askon-test-api\askon-test-api.csproj", "{02B17E58-4C61-4B53-9181-28D4209A69A8}"
EndProject
Project("{2150E333-8FDC-42A3-9474-1A3956D46DE8}") = "Api", "Api", "{37C1E155-4A1F-46E2-B25D-ABC70F64692E}"
EndProject
Project("{2150E333-8FDC-42A3-9474-1A3956D46DE8}") = "Infrastructure", "Infrastructure", "{187B3158-EB65-4893-BA8B-1861AA5C0AFD}"
EndProject
Project("{FAE04EC0-301F-11D3-BF4B-00C04F79EFBC}") = "askon-test-dal", "askon-test-dal\askon-test-dal.csproj", "{39F80252-0B1E-4EB4-BC89-21A59AA07C72}"
EndProject
Project("{2150E333-8FDC-42A3-9474-1A3956D46DE8}") = "Tests", "Tests", "{96A51B38-5274-4BD2-A1CD-3517D4F6E234}"
EndProject
Project("{FAE04EC0-301F-11D3-BF4B-00C04F79EFBC}") = "askon-test-dal-integration-tests", "askon-test-dal-integration-tests\askon-test-dal-integration-tests.csproj", "{BE04AE42-FF73-4E96-AAF7-8DDFFF0ECD25}"
EndProject
Project("{FAE04EC0-301F-11D3-BF4B-00C04F79EFBC}") = "askon-test-api-tests", "askon-test-api-tests\askon-test-api-tests.csproj", "{F4E0B485-387D-4053-9C8D-EEB026AF0CD7}"
EndProject
Project("{2150E333-8FDC-42A3-9474-1A3956D46DE8}") = "Domain", "Domain", "{BEE28B02-0CA1-49E4-B6D6-40119E79CE80}"
EndProject
Project("{FAE04EC0-301F-11D3-BF4B-00C04F79EFBC}") = "askon-test-domain", "askon-test-domain\askon-test-domain.csproj", "{FBB3CDD8-F887-472C-9D06-5287D2BDF786}"
EndProject
Global
	GlobalSection(SolutionConfigurationPlatforms) = preSolution
		Debug|Any CPU = Debug|Any CPU
		Release|Any CPU = Release|Any CPU
	EndGlobalSection
	GlobalSection(ProjectConfigurationPlatforms) = postSolution
		{02B17E58-4C61-4B53-9181-28D4209A69A8}.Debug|Any CPU.ActiveCfg = Debug|Any CPU
		{02B17E58-4C61-4B53-9181-28D4209A69A8}.Debug|Any CPU.Build.0 = Debug|Any CPU
		{02B17E58-4C61-4B53-9181-28D4209A69A8}.Release|Any CPU.ActiveCfg = Release|Any CPU
		{02B17E58-4C61-4B53-9181-28D4209A69A8}.Release|Any CPU.Build.0 = Release|Any CPU
		{39F80252-0B1E-4EB4-BC89-21A59AA07C72}.Debug|Any CPU.ActiveCfg = Debug|Any CPU
		{39F80252-0B1E-4EB4-BC89-21A59AA07C72}.Debug|Any CPU.Build.0 = Debug|Any CPU
		{39F80252-0B1E-4EB4-BC89-21A59AA07C72}.Release|Any CPU.ActiveCfg = Release|Any CPU
		{39F80252-0B1E-4EB4-BC89-21A59AA07C72}.Release|Any CPU.Build.0 = Release|Any CPU
		{BE04AE42-FF73-4E96-AAF7-8DDFFF0ECD25}.Debug|Any CPU.ActiveCfg = Debug|Any CPU
		{BE04AE42-FF73-4E96-AAF7-8DDFFF0ECD25}.Debug|Any CPU.Build.0 = Debug|Any CPU
		{BE04AE42-FF73-4E96-AAF7-8DDFFF0ECD25}.Release|Any CPU.ActiveCfg = Release|Any CPU
		{BE04AE42-FF73-4E96-AAF7-8DDFFF0ECD25}.Release|Any CPU.Build.0 = Release|Any CPU
		{F4E0B485-387D-4053-9C8D-EEB026AF0CD7}.Debug|Any CPU.ActiveCfg = Debug|Any CPU
		{F4E0B485-387D-4053-9C8D-EEB026AF0CD7}.Debug|Any CPU.Build.0 = Debug|Any CPU
		{F4E0B485-387D-4053-9C8D-EEB026AF0CD7}.Release|Any CPU.ActiveCfg = Release|Any CPU
		{F4E0B485-387D-4053-9C8D-EEB026AF0CD7}.Release|Any CPU.Build.0 = Release|Any CPU
		{FBB3CDD8-F887-472C-9D06-5287D2BDF786}.Debug|Any CPU.ActiveCfg = Debug|Any CPU
		{FBB3CDD8-F887-472C-9D06-5287D2BDF786}.Debug|Any CPU.Build.0 = Debug|Any CPU
		{FBB3CDD8-F887-472C-9D06-5287D2BDF786}.Release|Any CPU.ActiveCfg = Release|Any CPU
		{FBB3CDD8-F887-472C-9D06-5287D2BDF786}.Release|Any CPU.Build.0 = Release|Any CPU
	EndGlobalSection
	GlobalSection(NestedProjects) = preSolution
		{02B17E58-4C61-4B53-9181-28D4209A69A8} = {37C1E155-4A1F-46E2-B25D-ABC70F64692E}
		{39F80252-0B1E-4EB4-BC89-21A59AA07C72} = {187B3158-EB65-4893-BA8B-1861AA5C0AFD}
		{BE04AE42-FF73-4E96-AAF7-8DDFFF0ECD25} = {96A51B38-5274-4BD2-A1CD-3517D4F6E234}
		{F4E0B485-387D-4053-9C8D-EEB026AF0CD7} = {96A51B38-5274-4BD2-A1CD-3517D4F6E234}
		{FBB3CDD8-F887-472C-9D06-5287D2BDF786} = {BEE28B02-0CA1-49E4-B6D6-40119E79CE80}
	EndGlobalSection
EndGlobal
